version: 2.0
shards:
  convex_hull:
    git: https://github.com/geocrystal/convex_hull.git
    version: 0.6.0

  crest:
    git: https://github.com/mamantoha/crest.git
    version: 1.3.12

  db:
    git: https://github.com/crystal-lang/crystal-db.git
    version: 0.12.0

  dotenv:
    git: https://github.com/gdotdesign/cr-dotenv.git
    version: 1.0.0

  fuzzy_match:
    git: https://github.com/acoustep/fuzzy_match.cr.git
    version: 0.3.0

  geo:
    git: https://github.com/geocrystal/geo.git
    version: 0.7.1

  geohash:
    git: https://github.com/geocrystal/geohash.git
    version: 0.1.1

  haversine:
    git: https://github.com/geocrystal/haversine.git
    version: 0.3.1

  http-client-digest_auth:
    git: https://github.com/mamantoha/http-client-digest_auth.git
    version: 0.6.0

  http_proxy:
    git: https://github.com/mamantoha/http_proxy.git
    version: 0.10.1

  i18n:
    git: https://github.com/crimson-knight/i18n.cr.git
    version: 0.4.1

  ifrit:
    git: https://github.com/imdrasil/ifrit.git
    version: 0.1.3

  jennifer:
    git: https://github.com/imdrasil/jennifer.cr.git
    version: 0.13.0+git.commit.2d0ba355fb7cd46c2e50df6176716770206686e8

  pg:
    git: https://github.com/will/crystal-pg.git
    version: 0.27.0

  sam:
    git: https://github.com/imdrasil/sam.cr.git
    version: 0.5.0

  telegram_bot:
    git: https://github.com/mamantoha/telegram_bot.git
    version: 0.4.0+git.commit.873fdfd02e11a23ae7a59da50c5aacc7ae2fe28d

  wordsmith:
    git: https://github.com/luckyframework/wordsmith.git
    version: 0.4.0

