version: 2.0
shards:
  ameba:
    git: https://github.com/crystal-ameba/ameba.git
    version: 1.2.0

  convex_hull:
    git: https://github.com/geocrystal/convex_hull.git
    version: 0.5.0

  crest:
    git: https://github.com/mamantoha/crest.git
    version: 1.3.6

  db:
    git: https://github.com/crystal-lang/crystal-db.git
    version: 0.11.0

  dotenv:
    git: https://github.com/gdotdesign/cr-dotenv.git
    version: 1.0.0

  geo:
    git: https://github.com/geocrystal/geo.git
    version: 0.7.0

  geohash:
    git: https://github.com/geocrystal/geohash.git
    version: 0.1.1

  haversine:
    git: https://github.com/geocrystal/haversine.git
    version: 0.3.1

  http-client-digest_auth:
    git: https://github.com/mamantoha/http-client-digest_auth.git
    version: 0.6.0

  http_proxy:
    git: https://github.com/mamantoha/http_proxy.git
    version: 0.9.0

  i18n:
    git: https://github.com/crimson-knight/i18n.cr.git
    version: 0.4.1

  ifrit:
    git: https://github.com/imdrasil/ifrit.git
    version: 0.1.3

  inflector:
    git: https://github.com/phoffer/inflector.cr.git
    version: 1.0.0

  jaro_winkler:
    git: https://github.com/kostya/jaro_winkler.git
    version: 0.2

  jennifer:
    git: https://github.com/imdrasil/jennifer.cr.git
    version: 0.12.0+git.commit.be636b5290b2b2e58d87e3d8d70ddf6d6e01ce1c

  pg:
    git: https://github.com/will/crystal-pg.git
    version: 0.26.0

  sam:
    git: https://github.com/imdrasil/sam.cr.git
    version: 0.4.2

  telegram_bot:
    git: https://github.com/mamantoha/telegram_bot.git
    version: 0.4.0+git.commit.4568b93b2d3c9f91aaee1dc8ab06cd7cbae96c06

